Microsoft Visual Studio Solution File, Format Version 12.00
# Visual Studio Version 17
VisualStudioVersion = 17.5.2.0
MinimumVisualStudioVersion = 10.0.40219.1
Project("{FAE04EC0-301F-11D3-BF4B-00C04F79EFBC}") = "apixh", "apixh.csproj", "{DCDF2371-E7F6-C87C-03C6-C5AD3DAA8E6D}"
EndProject
Global
	GlobalSection(SolutionConfigurationPlatforms) = preSolution
		Debug|Any CPU = Debug|Any CPU
		Release|Any CPU = Release|Any CPU
	EndGlobalSection
	GlobalSection(ProjectConfigurationPlatforms) = postSolution
		{DCDF2371-E7F6-C87C-03C6-C5AD3DAA8E6D}.Debug|Any CPU.ActiveCfg = Debug|Any CPU
		{DCDF2371-E7F6-C87C-03C6-C5AD3DAA8E6D}.Debug|Any CPU.Build.0 = Debug|Any CPU
		{DCDF2371-E7F6-C87C-03C6-C5AD3DAA8E6D}.Release|Any CPU.ActiveCfg = Release|Any CPU
		{DCDF2371-E7F6-C87C-03C6-C5AD3DAA8E6D}.Release|Any CPU.Build.0 = Release|Any CPU
	EndGlobalSection
	GlobalSection(SolutionProperties) = preSolution
		HideSolutionNode = FALSE
	EndGlobalSection
	GlobalSection(ExtensibilityGlobals) = postSolution
		SolutionGuid = {BE2C97CC-BEBB-4F6C-BE56-980E472B971D}
	EndGlobalSection
EndGlobal
